// !$*UTF8*$!
{
	archiveVersion = 1;
	classes = {
	};
	objectVersion = 77;
	objects = {

/* Begin PBXBuildFile section */
		B489CB3B3030A71500730CFD /* AppDelegate.swift in Sources */ = {isa = PBXBuildFile; fileRef = B489CB3A3030A71500730CFD /* AppDelegate.swift */; };
		B489CB3D3030A71500730CFD /* SceneDelegate.swift in Sources */ = {isa = PBXBuildFile; fileRef = B489CB3C3030A71500730CFD /* SceneDelegate.swift */; };
		B489CB403030A71500730CFD /* LaunchScreen.storyboard in Resources */ = {isa = PBXBuildFile; fileRef = B489CB3E3030A71500730CFD /* LaunchScreen.storyboard */; };
		B489CB433030A71500730CFD /* Main.storyboard in Resources */ = {isa = PBXBuildFile; fileRef = B489CB413030A71500730CFD /* Main.storyboard */; };
		B489CB4C3030A71500730CFD /* AppDelegate.swift in Sources */ = {isa = PBXBuildFile; fileRef = B489CB4B3030A71500730CFD /* AppDelegate.swift */; };
		B489CB4F3030A71500730CFD /* Main.storyboard in Resources */ = {isa = PBXBuildFile; fileRef = B489CB4D3030A71500730CFD /* Main.storyboard */; };
		B489CB563030A71500730CFD /* dripd photo Extension.appex in Embed Foundation Extensions */ = {isa = PBXBuildFile; fileRef = B489CB553030A71500730CFD /* dripd photo Extension.appex */; settings = {ATTRIBUTES = (RemoveHeadersOnCopy, ); }; };
		B489CB603030A71500730CFD /* dripd photo Extension.appex in Embed Foundation Extensions */ = {isa = PBXBuildFile; fileRef = B489CB5F3030A71500730CFD /* dripd photo Extension.appex */; settings = {ATTRIBUTES = (RemoveHeadersOnCopy, ); }; };
		B489CB653030A71500730CFD /* Main.html in Resources */ = {isa = PBXBuildFile; fileRef = B489CB2A3030A71500730CFD /* Main.html */; };
		B489CB663030A71500730CFD /* Main.html in Resources */ = {isa = PBXBuildFile; fileRef = B489CB2A3030A71500730CFD /* Main.html */; };
		B489CB673030A71500730CFD /* Icon.png in Resources */ = {isa = PBXBuildFile; fileRef = B489CB2C3030A71500730CFD /* Icon.png */; };
		B489CB683030A71500730CFD /* Icon.png in Resources */ = {isa = PBXBuildFile; fileRef = B489CB2C3030A71500730CFD /* Icon.png */; };
		B489CB693030A71500730CFD /* Style.css in Resources */ = {isa = PBXBuildFile; fileRef = B489CB2D3030A71500730CFD /* Style.css */; };
		B489CB6A3030A71500730CFD /* Style.css in Resources */ = {isa = PBXBuildFile; fileRef = B489CB2D3030A71500730CFD /* Style.css */; };
		B489CB6B3030A71500730CFD /* Script.js in Resources */ = {isa = PBXBuildFile; fileRef = B489CB2E3030A71500730CFD /* Script.js */; };
		B489CB6C3030A71500730CFD /* Script.js in Resources */ = {isa = PBXBuildFile; fileRef = B489CB2E3030A71500730CFD /* Script.js */; };
		B489CB6D3030A71500730CFD /* ViewController.swift in Sources */ = {isa = PBXBuildFile; fileRef = B489CB2F3030A71500730CFD /* ViewController.swift */; };
		B489CB6E3030A71500730CFD /* ViewController.swift in Sources */ = {isa = PBXBuildFile; fileRef = B489CB2F3030A71500730CFD /* ViewController.swift */; };
		B489CB6F3030A71500730CFD /* Assets.xcassets in Resources */ = {isa = PBXBuildFile; fileRef = B489CB303030A71500730CFD /* Assets.xcassets */; };
		B489CB703030A71500730CFD /* Assets.xcassets in Resources */ = {isa = PBXBuildFile; fileRef = B489CB303030A71500730CFD /* Assets.xcassets */; };
		B489CB713030A71500730CFD /* SafariWebExtensionHandler.swift in Sources */ = {isa = PBXBuildFile; fileRef = B489CB323030A71500730CFD /* SafariWebExtensionHandler.swift */; };
		B489CB723030A71500730CFD /* SafariWebExtensionHandler.swift in Sources */ = {isa = PBXBuildFile; fileRef = B489CB323030A71500730CFD /* SafariWebExtensionHandler.swift */; };
		B489CB8C3030A71500730CFD /* onboarding.js in Resources */ = {isa = PBXBuildFile; fileRef = B489CB843030A71500730CFD /* onboarding.js */; };
		B489CB8D3030A71500730CFD /* bridge.js in Resources */ = {isa = PBXBuildFile; fileRef = B489CB853030A71500730CFD /* bridge.js */; };
		B489CB8E3030A71500730CFD /* injected.js in Resources */ = {isa = PBXBuildFile; fileRef = B489CB863030A71500730CFD /* injected.js */; };
		B489CB8F3030A71500730CFD /* icons in Resources */ = {isa = PBXBuildFile; fileRef = B489CB873030A71500730CFD /* icons */; };
		B489CB903030A71500730CFD /* manifest.json in Resources */ = {isa = PBXBuildFile; fileRef = B489CB883030A71500730CFD /* manifest.json */; };
		B489CB913030A71500730CFD /* fonts in Resources */ = {isa = PBXBuildFile; fileRef = B489CB893030A71500730CFD /* fonts */; };
		B489CB923030A71500730CFD /* sw.js in Resources */ = {isa = PBXBuildFile; fileRef = B489CB8A3030A71500730CFD /* sw.js */; };
		B489CB933030A71500730CFD /* onboarding.html in Resources */ = {isa = PBXBuildFile; fileRef = B489CB8B3030A71500730CFD /* onboarding.html */; };
		B489CB943030A71500730CFD /* onboarding.js in Resources */ = {isa = PBXBuildFile; fileRef = B489CB843030A71500730CFD /* onboarding.js */; };
		B489CB953030A71500730CFD /* bridge.js in Resources */ = {isa = PBXBuildFile; fileRef = B489CB853030A71500730CFD /* bridge.js */; };
		B489CB963030A71500730CFD /* injected.js in Resources */ = {isa = PBXBuildFile; fileRef = B489CB863030A71500730CFD /* injected.js */; };
		B489CB973030A71500730CFD /* icons in Resources */ = {isa = PBXBuildFile; fileRef = B489CB873030A71500730CFD /* icons */; };
		B489CB983030A71500730CFD /* manifest.json in Resources */ = {isa = PBXBuildFile; fileRef = B489CB883030A71500730CFD /* manifest.json */; };
		B489CB993030A71500730CFD /* fonts in Resources */ = {isa = PBXBuildFile; fileRef = B489CB893030A71500730CFD /* fonts */; };
		B489CB9A3030A71500730CFD /* sw.js in Resources */ = {isa = PBXBuildFile; fileRef = B489CB8A3030A71500730CFD /* sw.js */; };
		B489CB9B3030A71500730CFD /* onboarding.html in Resources */ = {isa = PBXBuildFile; fileRef = B489CB8B3030A71500730CFD /* onboarding.html */; };
/* End PBXBuildFile section */

/* Begin PBXContainerItemProxy section */
		B489CB573030A71500730CFD /* PBXContainerItemProxy */ = {
			isa = PBXContainerItemProxy;
			containerPortal = B489CB243030A71500730CFD /* Project object */;
			proxyType = 1;
			remoteGlobalIDString = B489CB543030A71500730CFD;
			remoteInfo = "dripd photo Extension (iOS)";
		};
		B489CB613030A71500730CFD /* PBXContainerItemProxy */ = {
			isa = PBXContainerItemProxy;
			containerPortal = B489CB243030A71500730CFD /* Project object */;
			proxyType = 1;
			remoteGlobalIDString = B489CB5E3030A71500730CFD;
			remoteInfo = "dripd photo Extension (macOS)";
		};
/* End PBXContainerItemProxy section */

/* Begin PBXCopyFilesBuildPhase section */
		B489CB783030A71500730CFD /* Embed Foundation Extensions */ = {
			isa = PBXCopyFilesBuildPhase;
			buildActionMask = 2147483647;
			dstPath = "";
			dstSubfolderSpec = 13;
			files = (
				B489CB563030A71500730CFD /* dripd photo Extension.appex in Embed Foundation Extensions */,
			);
			name = "Embed Foundation Extensions";
			runOnlyForDeploymentPostprocessing = 0;
		};
		B489CB7F3030A71500730CFD /* Embed Foundation Extensions */ = {
			isa = PBXCopyFilesBuildPhase;
			buildActionMask = 2147483647;
			dstPath = "";
			dstSubfolderSpec = 13;
			files = (
				B489CB603030A71500730CFD /* dripd photo Extension.appex in Embed Foundation Extensions */,
			);
			name = "Embed Foundation Extensions";
			runOnlyForDeploymentPostprocessing = 0;
		};
/* End PBXCopyFilesBuildPhase section */

/* Begin PBXFileReference section */
		B489CB2B3030A71500730CFD /* Base */ = {isa = PBXFileReference; lastKnownFileType = text.html; name = Base; path = Base.lproj/Main.html; sourceTree = "<group>"; };
		B489CB2C3030A71500730CFD /* Icon.png */ = {isa = PBXFileReference; lastKnownFileType = image.png; path = Icon.png; sourceTree = "<group>"; };
		B489CB2D3030A71500730CFD /* Style.css */ = {isa = PBXFileReference; lastKnownFileType = text.css; path = Style.css; sourceTree = "<group>"; };
		B489CB2E3030A71500730CFD /* Script.js */ = {isa = PBXFileReference; lastKnownFileType = sourcecode.javascript; path = Script.js; sourceTree = "<group>"; };
		B489CB2F3030A71500730CFD /* ViewController.swift */ = {isa = PBXFileReference; lastKnownFileType = sourcecode.swift; path = ViewController.swift; sourceTree = "<group>"; };
		B489CB303030A71500730CFD /* Assets.xcassets */ = {isa = PBXFileReference; lastKnownFileType = folder.assetcatalog; path = Assets.xcassets; sourceTree = "<group>"; };
		B489CB323030A71500730CFD /* SafariWebExtensionHandler.swift */ = {isa = PBXFileReference; lastKnownFileType = sourcecode.swift; path = SafariWebExtensionHandler.swift; sourceTree = "<group>"; };
		B489CB373030A71500730CFD /* dripd photo.app */ = {isa = PBXFileReference; explicitFileType = wrapper.application; includeInIndex = 0; path = "dripd photo.app"; sourceTree = BUILT_PRODUCTS_DIR; };
		B489CB3A3030A71500730CFD /* AppDelegate.swift */ = {isa = PBXFileReference; lastKnownFileType = sourcecode.swift; path = AppDelegate.swift; sourceTree = "<group>"; };
		B489CB3C3030A71500730CFD /* SceneDelegate.swift */ = {isa = PBXFileReference; lastKnownFileType = sourcecode.swift; path = SceneDelegate.swift; sourceTree = "<group>"; };
		B489CB3F3030A71500730CFD /* Base */ = {isa = PBXFileReference; lastKnownFileType = file.storyboard; name = Base; path = Base.lproj/LaunchScreen.storyboard; sourceTree = "<group>"; };
		B489CB423030A71500730CFD /* Base */ = {isa = PBXFileReference; lastKnownFileType = file.storyboard; name = Base; path = Base.lproj/Main.storyboard; sourceTree = "<group>"; };
		B489CB443030A71500730CFD /* Info.plist */ = {isa = PBXFileReference; lastKnownFileType = text.plist.xml; path = Info.plist; sourceTree = "<group>"; };
		B489CB493030A71500730CFD /* dripd photo.app */ = {isa = PBXFileReference; explicitFileType = wrapper.application; includeInIndex = 0; path = "dripd photo.app"; sourceTree = BUILT_PRODUCTS_DIR; };
		B489CB4B3030A71500730CFD /* AppDelegate.swift */ = {isa = PBXFileReference; lastKnownFileType = sourcecode.swift; path = AppDelegate.swift; sourceTree = "<group>"; };
		B489CB4E3030A71500730CFD /* Base */ = {isa = PBXFileReference; lastKnownFileType = file.storyboard; name = Base; path = Base.lproj/Main.storyboard; sourceTree = "<group>"; };
		B489CB503030A71500730CFD /* Info.plist */ = {isa = PBXFileReference; lastKnownFileType = text.plist.xml; path = Info.plist; sourceTree = "<group>"; };
		B489CB553030A71500730CFD /* dripd photo Extension.appex */ = {isa = PBXFileReference; explicitFileType = "wrapper.app-extension"; includeInIndex = 0; path = "dripd photo Extension.appex"; sourceTree = BUILT_PRODUCTS_DIR; };
		B489CB5A3030A71500730CFD /* Info.plist */ = {isa = PBXFileReference; lastKnownFileType = text.plist.xml; path = Info.plist; sourceTree = "<group>"; };
		B489CB5F3030A71500730CFD /* dripd photo Extension.appex */ = {isa = PBXFileReference; explicitFileType = "wrapper.app-extension"; includeInIndex = 0; path = "dripd photo Extension.appex"; sourceTree = BUILT_PRODUCTS_DIR; };
		B489CB643030A71500730CFD /* Info.plist */ = {isa = PBXFileReference; lastKnownFileType = text.plist.xml; path = Info.plist; sourceTree = "<group>"; };
		B489CB843030A71500730CFD /* onboarding.js */ = {isa = PBXFileReference; lastKnownFileType = sourcecode.javascript; name = onboarding.js; path = ../../../dist/onboarding.js; sourceTree = "<group>"; };
		B489CB853030A71500730CFD /* bridge.js */ = {isa = PBXFileReference; lastKnownFileType = sourcecode.javascript; name = bridge.js; path = ../../../dist/bridge.js; sourceTree = "<group>"; };
		B489CB863030A71500730CFD /* injected.js */ = {isa = PBXFileReference; lastKnownFileType = sourcecode.javascript; name = injected.js; path = ../../../dist/injected.js; sourceTree = "<group>"; };
		B489CB873030A71500730CFD /* icons */ = {isa = PBXFileReference; lastKnownFileType = folder; name = icons; path = ../../../dist/icons; sourceTree = "<group>"; };
		B489CB883030A71500730CFD /* manifest.json */ = {isa = PBXFileReference; lastKnownFileType = text.json; name = manifest.json; path = ../../../dist/manifest.json; sourceTree = "<group>"; };
		B489CB893030A71500730CFD /* fonts */ = {isa = PBXFileReference; lastKnownFileType = folder; name = fonts; path = ../../../dist/fonts; sourceTree = "<group>"; };
		B489CB8A3030A71500730CFD /* sw.js */ = {isa = PBXFileReference; lastKnownFileType = sourcecode.javascript; name = sw.js; path = ../../../dist/sw.js; sourceTree = "<group>"; };
		B489CB8B3030A71500730CFD /* onboarding.html */ = {isa = PBXFileReference; lastKnownFileType = text.html; name = onboarding.html; path = ../../../dist/onboarding.html; sourceTree = "<group>"; };
/* End PBXFileReference section */

/* Begin PBXFrameworksBuildPhase section */
		B489CB343030A71500730CFD /* Frameworks */ = {
			isa = PBXFrameworksBuildPhase;
			buildActionMask = 2147483647;
			files = (
			);
			runOnlyForDeploymentPostprocessing = 0;
		};
		B489CB463030A71500730CFD /* Frameworks */ = {
			isa = PBXFrameworksBuildPhase;
			buildActionMask = 2147483647;
			files = (
			);
			runOnlyForDeploymentPostprocessing = 0;
		};
		B489CB523030A71500730CFD /* Frameworks */ = {
			isa = PBXFrameworksBuildPhase;
			buildActionMask = 2147483647;
			files = (
			);
			runOnlyForDeploymentPostprocessing = 0;
		};
		B489CB5C3030A71500730CFD /* Frameworks */ = {
			isa = PBXFrameworksBuildPhase;
			buildActionMask = 2147483647;
			files = (
			);
			runOnlyForDeploymentPostprocessing = 0;
		};
/* End PBXFrameworksBuildPhase section */

/* Begin PBXGroup section */
		B489CB233030A71500730CFD = {
			isa = PBXGroup;
			children = (
				B489CB283030A71500730CFD /* Shared (App) */,
				B489CB313030A71500730CFD /* Shared (Extension) */,
				B489CB393030A71500730CFD /* iOS (App) */,
				B489CB4A3030A71500730CFD /* macOS (App) */,
				B489CB593030A71500730CFD /* iOS (Extension) */,
				B489CB633030A71500730CFD /* macOS (Extension) */,
				B489CB383030A71500730CFD /* Products */,
			);
			sourceTree = "<group>";
		};
		B489CB283030A71500730CFD /* Shared (App) */ = {
			isa = PBXGroup;
			children = (
				B489CB2F3030A71500730CFD /* ViewController.swift */,
				B489CB303030A71500730CFD /* Assets.xcassets */,
				B489CB293030A71500730CFD /* Resources */,
			);
			path = "Shared (App)";
			sourceTree = "<group>";
		};
		B489CB293030A71500730CFD /* Resources */ = {
			isa = PBXGroup;
			children = (
				B489CB2A3030A71500730CFD /* Main.html */,
				B489CB2C3030A71500730CFD /* Icon.png */,
				B489CB2D3030A71500730CFD /* Style.css */,
				B489CB2E3030A71500730CFD /* Script.js */,
			);
			path = Resources;
			sourceTree = "<group>";
		};
		B489CB313030A71500730CFD /* Shared (Extension) */ = {
			isa = PBXGroup;
			children = (
				B489CB833030A71500730CFD /* Resources */,
				B489CB323030A71500730CFD /* SafariWebExtensionHandler.swift */,
			);
			path = "Shared (Extension)";
			sourceTree = "<group>";
		};
		B489CB383030A71500730CFD /* Products */ = {
			isa = PBXGroup;
			children = (
				B489CB373030A71500730CFD /* dripd photo.app */,
				B489CB493030A71500730CFD /* dripd photo.app */,
				B489CB553030A71500730CFD /* dripd photo Extension.appex */,
				B489CB5F3030A71500730CFD /* dripd photo Extension.appex */,
			);
			name = Products;
			sourceTree = "<group>";
		};
		B489CB393030A71500730CFD /* iOS (App) */ = {
			isa = PBXGroup;
			children = (
				B489CB3A3030A71500730CFD /* AppDelegate.swift */,
				B489CB3C3030A71500730CFD /* SceneDelegate.swift */,
				B489CB3E3030A71500730CFD /* LaunchScreen.storyboard */,
				B489CB413030A71500730CFD /* Main.storyboard */,
				B489CB443030A71500730CFD /* Info.plist */,
			);
			path = "iOS (App)";
			sourceTree = "<group>";
		};
		B489CB4A3030A71500730CFD /* macOS (App) */ = {
			isa = PBXGroup;
			children = (
				B489CB4B3030A71500730CFD /* AppDelegate.swift */,
				B489CB4D3030A71500730CFD /* Main.storyboard */,
				B489CB503030A71500730CFD /* Info.plist */,
			);
			path = "macOS (App)";
			sourceTree = "<group>";
		};
		B489CB593030A71500730CFD /* iOS (Extension) */ = {
			isa = PBXGroup;
			children = (
				B489CB5A3030A71500730CFD /* Info.plist */,
			);
			path = "iOS (Extension)";
			sourceTree = "<group>";
		};
		B489CB633030A71500730CFD /* macOS (Extension) */ = {
			isa = PBXGroup;
			children = (
				B489CB643030A71500730CFD /* Info.plist */,
			);
			path = "macOS (Extension)";
			sourceTree = "<group>";
		};
		B489CB833030A71500730CFD /* Resources */ = {
			isa = PBXGroup;
			children = (
				B489CB843030A71500730CFD /* onboarding.js */,
				B489CB853030A71500730CFD /* bridge.js */,
				B489CB863030A71500730CFD /* injected.js */,
				B489CB873030A71500730CFD /* icons */,
				B489CB883030A71500730CFD /* manifest.json */,
				B489CB893030A71500730CFD /* fonts */,
				B489CB8A3030A71500730CFD /* sw.js */,
				B489CB8B3030A71500730CFD /* onboarding.html */,
			);
			name = Resources;
			path = "Shared (Extension)";
			sourceTree = SOURCE_ROOT;
		};
/* End PBXGroup section */

/* Begin PBXNativeTarget section */
		B489CB363030A71500730CFD /* dripd photo (iOS) */ = {
			isa = PBXNativeTarget;
			buildConfigurationList = B489CB793030A71500730CFD /* Build configuration list for PBXNativeTarget "dripd photo (iOS)" */;
			buildPhases = (
				B489CB333030A71500730CFD /* Sources */,
				B489CB343030A71500730CFD /* Frameworks */,
				B489CB353030A71500730CFD /* Resources */,
				B489CB783030A71500730CFD /* Embed Foundation Extensions */,
			);
			buildRules = (
			);
			dependencies = (
				B489CB583030A71500730CFD /* PBXTargetDependency */,
			);
			name = "dripd photo (iOS)";
			packageProductDependencies = (
			);
			productName = "dripd photo (iOS)";
			productReference = B489CB373030A71500730CFD /* dripd photo.app */;
			productType = "com.apple.product-type.application";
		};
		B489CB483030A71500730CFD /* dripd photo (macOS) */ = {
			isa = PBXNativeTarget;
			buildConfigurationList = B489CB803030A71500730CFD /* Build configuration list for PBXNativeTarget "dripd photo (macOS)" */;
			buildPhases = (
				B489CB453030A71500730CFD /* Sources */,
				B489CB463030A71500730CFD /* Frameworks */,
				B489CB473030A71500730CFD /* Resources */,
				B489CB7F3030A71500730CFD /* Embed Foundation Extensions */,
			);
			buildRules = (
			);
			dependencies = (
				B489CB623030A71500730CFD /* PBXTargetDependency */,
			);
			name = "dripd photo (macOS)";
			packageProductDependencies = (
			);
			productName = "dripd photo (macOS)";
			productReference = B489CB493030A71500730CFD /* dripd photo.app */;
			productType = "com.apple.product-type.application";
		};
		B489CB543030A71500730CFD /* dripd photo Extension (iOS) */ = {
			isa = PBXNativeTarget;
			buildConfigurationList = B489CB753030A71500730CFD /* Build configuration list for PBXNativeTarget "dripd photo Extension (iOS)" */;
			buildPhases = (
				B489CB513030A71500730CFD /* Sources */,
				B489CB523030A71500730CFD /* Frameworks */,
				B489CB533030A71500730CFD /* Resources */,
			);
			buildRules = (
			);
			dependencies = (
			);
			name = "dripd photo Extension (iOS)";
			packageProductDependencies = (
			);
			productName = "dripd photo Extension (iOS)";
			productReference = B489CB553030A71500730CFD /* dripd photo Extension.appex */;
			productType = "com.apple.product-type.app-extension";
		};
		B489CB5E3030A71500730CFD /* dripd photo Extension (macOS) */ = {
			isa = PBXNativeTarget;
			buildConfigurationList = B489CB7C3030A71500730CFD /* Build configuration list for PBXNativeTarget "dripd photo Extension (macOS)" */;
			buildPhases = (
				B489CB5B3030A71500730CFD /* Sources */,
				B489CB5C3030A71500730CFD /* Frameworks */,
				B489CB5D3030A71500730CFD /* Resources */,
			);
			buildRules = (
			);
			dependencies = (
			);
			name = "dripd photo Extension (macOS)";
			packageProductDependencies = (
			);
			productName = "dripd photo Extension (macOS)";
			productReference = B489CB5F3030A71500730CFD /* dripd photo Extension.appex */;
			productType = "com.apple.product-type.app-extension";
		};
/* End PBXNativeTarget section */

/* Begin PBXProject section */
		B489CB243030A71500730CFD /* Project object */ = {
			isa = PBXProject;
			attributes = {
				BuildIndependentTargetsInParallel = 1;
				LastSwiftUpdateCheck = 2660;
				LastUpgradeCheck = 2660;
				TargetAttributes = {
					B489CB363030A71500730CFD = {
						CreatedOnToolsVersion = 26.6;
					};
					B489CB483030A71500730CFD = {
						CreatedOnToolsVersion = 26.6;
					};
					B489CB543030A71500730CFD = {
						CreatedOnToolsVersion = 26.6;
					};
					B489CB5E3030A71500730CFD = {
						CreatedOnToolsVersion = 26.6;
					};
				};
			};
			buildConfigurationList = B489CB273030A71500730CFD /* Build configuration list for PBXProject "dripd photo" */;
			developmentRegion = en;
			hasScannedForEncodings = 0;
			knownRegions = (
				en,
				Base,
			);
			mainGroup = B489CB233030A71500730CFD;
			minimizedProjectReferenceProxies = 1;
			preferredProjectObjectVersion = 77;
			productRefGroup = B489CB383030A71500730CFD /* Products */;
			projectDirPath = "";
			projectRoot = "";
			targets = (
				B489CB363030A71500730CFD /* dripd photo (iOS) */,
				B489CB483030A71500730CFD /* dripd photo (macOS) */,
				B489CB543030A71500730CFD /* dripd photo Extension (iOS) */,
				B489CB5E3030A71500730CFD /* dripd photo Extension (macOS) */,
			);
		};
/* End PBXProject section */

/* Begin PBXResourcesBuildPhase section */
		B489CB353030A71500730CFD /* Resources */ = {
			isa = PBXResourcesBuildPhase;
			buildActionMask = 2147483647;
			files = (
				B489CB673030A71500730CFD /* Icon.png in Resources */,
				B489CB403030A71500730CFD /* LaunchScreen.storyboard in Resources */,
				B489CB653030A71500730CFD /* Main.html in Resources */,
				B489CB6B3030A71500730CFD /* Script.js in Resources */,
				B489CB6F3030A71500730CFD /* Assets.xcassets in Resources */,
				B489CB433030A71500730CFD /* Main.storyboard in Resources */,
				B489CB693030A71500730CFD /* Style.css in Resources */,
			);
			runOnlyForDeploymentPostprocessing = 0;
		};
		B489CB473030A71500730CFD /* Resources */ = {
			isa = PBXResourcesBuildPhase;
			buildActionMask = 2147483647;
			files = (
				B489CB683030A71500730CFD /* Icon.png in Resources */,
				B489CB6A3030A71500730CFD /* Style.css in Resources */,
				B489CB4F3030A71500730CFD /* Main.storyboard in Resources */,
				B489CB6C3030A71500730CFD /* Script.js in Resources */,
				B489CB703030A71500730CFD /* Assets.xcassets in Resources */,
				B489CB663030A71500730CFD /* Main.html in Resources */,
			);
			runOnlyForDeploymentPostprocessing = 0;
		};
		B489CB533030A71500730CFD /* Resources */ = {
			isa = PBXResourcesBuildPhase;
			buildActionMask = 2147483647;
			files = (
				B489CB943030A71500730CFD /* onboarding.js in Resources */,
				B489CB973030A71500730CFD /* icons in Resources */,
				B489CB983030A71500730CFD /* manifest.json in Resources */,
				B489CB993030A71500730CFD /* fonts in Resources */,
				B489CB963030A71500730CFD /* injected.js in Resources */,
				B489CB9B3030A71500730CFD /* onboarding.html in Resources */,
				B489CB9A3030A71500730CFD /* sw.js in Resources */,
				B489CB953030A71500730CFD /* bridge.js in Resources */,
			);
			runOnlyForDeploymentPostprocessing = 0;
		};
		B489CB5D3030A71500730CFD /* Resources */ = {
			isa = PBXResourcesBuildPhase;
			buildActionMask = 2147483647;
			files = (
				B489CB8C3030A71500730CFD /* onboarding.js in Resources */,
				B489CB8F3030A71500730CFD /* icons in Resources */,
				B489CB903030A71500730CFD /* manifest.json in Resources */,
				B489CB913030A71500730CFD /* fonts in Resources */,
				B489CB8E3030A71500730CFD /* injected.js in Resources */,
				B489CB933030A71500730CFD /* onboarding.html in Resources */,
				B489CB923030A71500730CFD /* sw.js in Resources */,
				B489CB8D3030A71500730CFD /* bridge.js in Resources */,
			);
			runOnlyForDeploymentPostprocessing = 0;
		};
/* End PBXResourcesBuildPhase section */

/* Begin PBXSourcesBuildPhase section */
		B489CB333030A71500730CFD /* Sources */ = {
			isa = PBXSourcesBuildPhase;
			buildActionMask = 2147483647;
			files = (
				B489CB6D3030A71500730CFD /* ViewController.swift in Sources */,
				B489CB3B3030A71500730CFD /* AppDelegate.swift in Sources */,
				B489CB3D3030A71500730CFD /* SceneDelegate.swift in Sources */,
			);
			runOnlyForDeploymentPostprocessing = 0;
		};
		B489CB453030A71500730CFD /* Sources */ = {
			isa = PBXSourcesBuildPhase;
			buildActionMask = 2147483647;
			files = (
				B489CB6E3030A71500730CFD /* ViewController.swift in Sources */,
				B489CB4C3030A71500730CFD /* AppDelegate.swift in Sources */,
			);
			runOnlyForDeploymentPostprocessing = 0;
		};
		B489CB513030A71500730CFD /* Sources */ = {
			isa = PBXSourcesBuildPhase;
			buildActionMask = 2147483647;
			files = (
				B489CB713030A71500730CFD /* SafariWebExtensionHandler.swift in Sources */,
			);
			runOnlyForDeploymentPostprocessing = 0;
		};
		B489CB5B3030A71500730CFD /* Sources */ = {
			isa = PBXSourcesBuildPhase;
			buildActionMask = 2147483647;
			files = (
				B489CB723030A71500730CFD /* SafariWebExtensionHandler.swift in Sources */,
			);
			runOnlyForDeploymentPostprocessing = 0;
		};
/* End PBXSourcesBuildPhase section */

/* Begin PBXTargetDependency section */
		B489CB583030A71500730CFD /* PBXTargetDependency */ = {
			isa = PBXTargetDependency;
			target = B489CB543030A71500730CFD /* dripd photo Extension (iOS) */;
			targetProxy = B489CB573030A71500730CFD /* PBXContainerItemProxy */;
		};
		B489CB623030A71500730CFD /* PBXTargetDependency */ = {
			isa = PBXTargetDependency;
			target = B489CB5E3030A71500730CFD /* dripd photo Extension (macOS) */;
			targetProxy = B489CB613030A71500730CFD /* PBXContainerItemProxy */;
		};
/* End PBXTargetDependency section */

/* Begin PBXVariantGroup section */
		B489CB2A3030A71500730CFD /* Main.html */ = {
			isa = PBXVariantGroup;
			children = (
				B489CB2B3030A71500730CFD /* Base */,
			);
			name = Main.html;
			sourceTree = "<group>";
		};
		B489CB3E3030A71500730CFD /* LaunchScreen.storyboard */ = {
			isa = PBXVariantGroup;
			children = (
				B489CB3F3030A71500730CFD /* Base */,
			);
			name = LaunchScreen.storyboard;
			sourceTree = "<group>";
		};
		B489CB413030A71500730CFD /* Main.storyboard */ = {
			isa = PBXVariantGroup;
			children = (
				B489CB423030A71500730CFD /* Base */,
			);
			name = Main.storyboard;
			sourceTree = "<group>";
		};
		B489CB4D3030A71500730CFD /* Main.storyboard */ = {
			isa = PBXVariantGroup;
			children = (
				B489CB4E3030A71500730CFD /* Base */,
			);
			name = Main.storyboard;
			sourceTree = "<group>";
		};
/* End PBXVariantGroup section */

/* Begin XCBuildConfiguration section */
		B489CB733030A71500730CFD /* Debug */ = {
			isa = XCBuildConfiguration;
			buildSettings = {
				ALWAYS_SEARCH_USER_PATHS = NO;
				ASSETCATALOG_COMPILER_GENERATE_SWIFT_ASSET_SYMBOL_EXTENSIONS = YES;
				CLANG_ANALYZER_NONNULL = YES;
				CLANG_ANALYZER_NUMBER_OBJECT_CONVERSION = YES_AGGRESSIVE;
				CLANG_CXX_LANGUAGE_STANDARD = "gnu++20";
				CLANG_ENABLE_MODULES = YES;
				CLANG_ENABLE_OBJC_ARC = YES;
				CLANG_ENABLE_OBJC_WEAK = YES;
				CLANG_WARN_BLOCK_CAPTURE_AUTORELEASING = YES;
				CLANG_WARN_BOOL_CONVERSION = YES;
				CLANG_WARN_COMMA = YES;
				CLANG_WARN_CONSTANT_CONVERSION = YES;
				CLANG_WARN_DEPRECATED_OBJC_IMPLEMENTATIONS = YES;
				CLANG_WARN_DIRECT_OBJC_ISA_USAGE = YES_ERROR;
				CLANG_WARN_DOCUMENTATION_COMMENTS = YES;
				CLANG_WARN_EMPTY_BODY = YES;
				CLANG_WARN_ENUM_CONVERSION = YES;
				CLANG_WARN_INFINITE_RECURSION = YES;
				CLANG_WARN_INT_CONVERSION = YES;
				CLANG_WARN_NON_LITERAL_NULL_CONVERSION = YES;
				CLANG_WARN_OBJC_IMPLICIT_RETAIN_SELF = YES;
				CLANG_WARN_OBJC_LITERAL_CONVERSION = YES;
				CLANG_WARN_OBJC_ROOT_CLASS = YES_ERROR;
				CLANG_WARN_QUOTED_INCLUDE_IN_FRAMEWORK_HEADER = YES;
				CLANG_WARN_RANGE_LOOP_ANALYSIS = YES;
				CLANG_WARN_STRICT_PROTOTYPES = YES;
				CLANG_WARN_SUSPICIOUS_MOVE = YES;
				CLANG_WARN_UNGUARDED_AVAILABILITY = YES_AGGRESSIVE;
				CLANG_WARN_UNREACHABLE_CODE = YES;
				CLANG_WARN__DUPLICATE_METHOD_MATCH = YES;
				COPY_PHASE_STRIP = NO;
				DEBUG_INFORMATION_FORMAT = dwarf;
				ENABLE_STRICT_OBJC_MSGSEND = YES;
				ENABLE_TESTABILITY = YES;
				ENABLE_USER_SCRIPT_SANDBOXING = YES;
				GCC_C_LANGUAGE_STANDARD = gnu17;
				GCC_DYNAMIC_NO_PIC = NO;
				GCC_NO_COMMON_BLOCKS = YES;
				GCC_OPTIMIZATION_LEVEL = 0;
				GCC_PREPROCESSOR_DEFINITIONS = (
					"DEBUG=1",
					"$(inherited)",
				);
				GCC_WARN_64_TO_32_BIT_CONVERSION = YES;
				GCC_WARN_ABOUT_RETURN_TYPE = YES_ERROR;
				GCC_WARN_UNDECLARED_SELECTOR = YES;
				GCC_WARN_UNINITIALIZED_AUTOS = YES_AGGRESSIVE;
				GCC_WARN_UNUSED_FUNCTION = YES;
				GCC_WARN_UNUSED_VARIABLE = YES;
				LOCALIZATION_PREFERS_STRING_CATALOGS = YES;
				MTL_ENABLE_DEBUG_INFO = INCLUDE_SOURCE;
				MTL_FAST_MATH = YES;
				ONLY_ACTIVE_ARCH = YES;
				SWIFT_ACTIVE_COMPILATION_CONDITIONS = "DEBUG $(inherited)";
				SWIFT_OPTIMIZATION_LEVEL = "-Onone";
			};
			name = Debug;
		};
		B489CB743030A71500730CFD /* Release */ = {
			isa = XCBuildConfiguration;
			buildSettings = {
				ALWAYS_SEARCH_USER_PATHS = NO;
				ASSETCATALOG_COMPILER_GENERATE_SWIFT_ASSET_SYMBOL_EXTENSIONS = YES;
				CLANG_ANALYZER_NONNULL = YES;
				CLANG_ANALYZER_NUMBER_OBJECT_CONVERSION = YES_AGGRESSIVE;
				CLANG_CXX_LANGUAGE_STANDARD = "gnu++20";
				CLANG_ENABLE_MODULES = YES;
				CLANG_ENABLE_OBJC_ARC = YES;
				CLANG_ENABLE_OBJC_WEAK = YES;
				CLANG_WARN_BLOCK_CAPTURE_AUTORELEASING = YES;
				CLANG_WARN_BOOL_CONVERSION = YES;
				CLANG_WARN_COMMA = YES;
				CLANG_WARN_CONSTANT_CONVERSION = YES;
				CLANG_WARN_DEPRECATED_OBJC_IMPLEMENTATIONS = YES;
				CLANG_WARN_DIRECT_OBJC_ISA_USAGE = YES_ERROR;
				CLANG_WARN_DOCUMENTATION_COMMENTS = YES;
				CLANG_WARN_EMPTY_BODY = YES;
				CLANG_WARN_ENUM_CONVERSION = YES;
				CLANG_WARN_INFINITE_RECURSION = YES;
				CLANG_WARN_INT_CONVERSION = YES;
				CLANG_WARN_NON_LITERAL_NULL_CONVERSION = YES;
				CLANG_WARN_OBJC_IMPLICIT_RETAIN_SELF = YES;
				CLANG_WARN_OBJC_LITERAL_CONVERSION = YES;
				CLANG_WARN_OBJC_ROOT_CLASS = YES_ERROR;
				CLANG_WARN_QUOTED_INCLUDE_IN_FRAMEWORK_HEADER = YES;
				CLANG_WARN_RANGE_LOOP_ANALYSIS = YES;
				CLANG_WARN_STRICT_PROTOTYPES = YES;
				CLANG_WARN_SUSPICIOUS_MOVE = YES;
				CLANG_WARN_UNGUARDED_AVAILABILITY = YES_AGGRESSIVE;
				CLANG_WARN_UNREACHABLE_CODE = YES;
				CLANG_WARN__DUPLICATE_METHOD_MATCH = YES;
				COPY_PHASE_STRIP = NO;
				DEBUG_INFORMATION_FORMAT = "dwarf-with-dsym";
				ENABLE_NS_ASSERTIONS = NO;
				ENABLE_STRICT_OBJC_MSGSEND = YES;
				ENABLE_USER_SCRIPT_SANDBOXING = YES;
				GCC_C_LANGUAGE_STANDARD = gnu17;
				GCC_NO_COMMON_BLOCKS = YES;
				GCC_WARN_64_TO_32_BIT_CONVERSION = YES;
				GCC_WARN_ABOUT_RETURN_TYPE = YES_ERROR;
				GCC_WARN_UNDECLARED_SELECTOR = YES;
				GCC_WARN_UNINITIALIZED_AUTOS = YES_AGGRESSIVE;
				GCC_WARN_UNUSED_FUNCTION = YES;
				GCC_WARN_UNUSED_VARIABLE = YES;
				LOCALIZATION_PREFERS_STRING_CATALOGS = YES;
				MTL_ENABLE_DEBUG_INFO = NO;
				MTL_FAST_MATH = YES;
				SWIFT_COMPILATION_MODE = wholemodule;
			};
			name = Release;
		};
		B489CB763030A71500730CFD /* Debug */ = {
			isa = XCBuildConfiguration;
			buildSettings = {
				CODE_SIGN_STYLE = Automatic;
				CURRENT_PROJECT_VERSION = 1;
				GENERATE_INFOPLIST_FILE = YES;
				INFOPLIST_FILE = "iOS (Extension)/Info.plist";
				INFOPLIST_KEY_CFBundleDisplayName = "dripd photo Extension";
				INFOPLIST_KEY_NSHumanReadableCopyright = "";
				IPHONEOS_DEPLOYMENT_TARGET = 15.0;
				LD_RUNPATH_SEARCH_PATHS = (
					"$(inherited)",
					"@executable_path/Frameworks",
					"@executable_path/../../Frameworks",
				);
				MARKETING_VERSION = 1.0;
				OTHER_LDFLAGS = (
					"-framework",
					SafariServices,
				);
				PRODUCT_BUNDLE_IDENTIFIER = dk.dripd.photoextension.Extension;
				PRODUCT_NAME = "dripd photo Extension";
				SDKROOT = iphoneos;
				SKIP_INSTALL = YES;
				STRING_CATALOG_GENERATE_SYMBOLS = YES;
				SWIFT_APPROACHABLE_CONCURRENCY = YES;
				SWIFT_EMIT_LOC_STRINGS = YES;
				SWIFT_UPCOMING_FEATURE_MEMBER_IMPORT_VISIBILITY = YES;
				SWIFT_VERSION = 5.0;
				TARGETED_DEVICE_FAMILY = "1,2";
			};
			name = Debug;
		};
		B489CB773030A71500730CFD /* Release */ = {
			isa = XCBuildConfiguration;
			buildSettings = {
				CODE_SIGN_STYLE = Automatic;
				CURRENT_PROJECT_VERSION = 1;
				GENERATE_INFOPLIST_FILE = YES;
				INFOPLIST_FILE = "iOS (Extension)/Info.plist";
				INFOPLIST_KEY_CFBundleDisplayName = "dripd photo Extension";
				INFOPLIST_KEY_NSHumanReadableCopyright = "";
				IPHONEOS_DEPLOYMENT_TARGET = 15.0;
				LD_RUNPATH_SEARCH_PATHS = (
					"$(inherited)",
					"@executable_path/Frameworks",
					"@executable_path/../../Frameworks",
				);
				MARKETING_VERSION = 1.0;
				OTHER_LDFLAGS = (
					"-framework",
					SafariServices,
				);
				PRODUCT_BUNDLE_IDENTIFIER = dk.dripd.photoextension.Extension;
				PRODUCT_NAME = "dripd photo Extension";
				SDKROOT = iphoneos;
				SKIP_INSTALL = YES;
				STRING_CATALOG_GENERATE_SYMBOLS = YES;
				SWIFT_APPROACHABLE_CONCURRENCY = YES;
				SWIFT_EMIT_LOC_STRINGS = YES;
				SWIFT_UPCOMING_FEATURE_MEMBER_IMPORT_VISIBILITY = YES;
				SWIFT_VERSION = 5.0;
				TARGETED_DEVICE_FAMILY = "1,2";
				VALIDATE_PRODUCT = YES;
			};
			name = Release;
		};
		B489CB7A3030A71500730CFD /* Debug */ = {
			isa = XCBuildConfiguration;
			buildSettings = {
				ASSETCATALOG_COMPILER_APPICON_NAME = AppIcon;
				ASSETCATALOG_COMPILER_GLOBAL_ACCENT_COLOR_NAME = AccentColor;
				CODE_SIGN_STYLE = Automatic;
				CURRENT_PROJECT_VERSION = 1;
				GENERATE_INFOPLIST_FILE = YES;
				INFOPLIST_FILE = "iOS (App)/Info.plist";
				INFOPLIST_KEY_CFBundleDisplayName = "dripd photo";
				INFOPLIST_KEY_UIApplicationSupportsIndirectInputEvents = YES;
				INFOPLIST_KEY_UILaunchStoryboardName = LaunchScreen;
				INFOPLIST_KEY_UIMainStoryboardFile = Main;
				INFOPLIST_KEY_UISupportedInterfaceOrientations = "UIInterfaceOrientationPortrait UIInterfaceOrientationLandscapeLeft UIInterfaceOrientationLandscapeRight";
				INFOPLIST_KEY_UISupportedInterfaceOrientations_iPad = "UIInterfaceOrientationPortrait UIInterfaceOrientationPortraitUpsideDown UIInterfaceOrientationLandscapeLeft UIInterfaceOrientationLandscapeRight";
				IPHONEOS_DEPLOYMENT_TARGET = 15.0;
				LD_RUNPATH_SEARCH_PATHS = (
					"$(inherited)",
					"@executable_path/Frameworks",
				);
				MARKETING_VERSION = 1.0;
				OTHER_LDFLAGS = (
					"-framework",
					SafariServices,
					"-framework",
					WebKit,
				);
				PRODUCT_BUNDLE_IDENTIFIER = dk.dripd.photoextension;
				PRODUCT_NAME = "dripd photo";
				SDKROOT = iphoneos;
				STRING_CATALOG_GENERATE_SYMBOLS = YES;
				SWIFT_APPROACHABLE_CONCURRENCY = YES;
				SWIFT_DEFAULT_ACTOR_ISOLATION = MainActor;
				SWIFT_EMIT_LOC_STRINGS = YES;
				SWIFT_UPCOMING_FEATURE_MEMBER_IMPORT_VISIBILITY = YES;
				SWIFT_VERSION = 5.0;
				TARGETED_DEVICE_FAMILY = "1,2";
			};
			name = Debug;
		};
		B489CB7B3030A71500730CFD /* Release */ = {
			isa = XCBuildConfiguration;
			buildSettings = {
				ASSETCATALOG_COMPILER_APPICON_NAME = AppIcon;
				ASSETCATALOG_COMPILER_GLOBAL_ACCENT_COLOR_NAME = AccentColor;
				CODE_SIGN_STYLE = Automatic;
				CURRENT_PROJECT_VERSION = 1;
				GENERATE_INFOPLIST_FILE = YES;
				INFOPLIST_FILE = "iOS (App)/Info.plist";
				INFOPLIST_KEY_CFBundleDisplayName = "dripd photo";
				INFOPLIST_KEY_UIApplicationSupportsIndirectInputEvents = YES;
				INFOPLIST_KEY_UILaunchStoryboardName = LaunchScreen;
				INFOPLIST_KEY_UIMainStoryboardFile = Main;
				INFOPLIST_KEY_UISupportedInterfaceOrientations = "UIInterfaceOrientationPortrait UIInterfaceOrientationLandscapeLeft UIInterfaceOrientationLandscapeRight";
				INFOPLIST_KEY_UISupportedInterfaceOrientations_iPad = "UIInterfaceOrientationPortrait UIInterfaceOrientationPortraitUpsideDown UIInterfaceOrientationLandscapeLeft UIInterfaceOrientationLandscapeRight";
				IPHONEOS_DEPLOYMENT_TARGET = 15.0;
				LD_RUNPATH_SEARCH_PATHS = (
					"$(inherited)",
					"@executable_path/Frameworks",
				);
				MARKETING_VERSION = 1.0;
				OTHER_LDFLAGS = (
					"-framework",
					SafariServices,
					"-framework",
					WebKit,
				);
				PRODUCT_BUNDLE_IDENTIFIER = dk.dripd.photoextension;
				PRODUCT_NAME = "dripd photo";
				SDKROOT = iphoneos;
				STRING_CATALOG_GENERATE_SYMBOLS = YES;
				SWIFT_APPROACHABLE_CONCURRENCY = YES;
				SWIFT_DEFAULT_ACTOR_ISOLATION = MainActor;
				SWIFT_EMIT_LOC_STRINGS = YES;
				SWIFT_UPCOMING_FEATURE_MEMBER_IMPORT_VISIBILITY = YES;
				SWIFT_VERSION = 5.0;
				TARGETED_DEVICE_FAMILY = "1,2";
				VALIDATE_PRODUCT = YES;
			};
			name = Release;
		};
		B489CB7D3030A71500730CFD /* Debug */ = {
			isa = XCBuildConfiguration;
			buildSettings = {
				CODE_SIGN_STYLE = Automatic;
				CURRENT_PROJECT_VERSION = 1;
				ENABLE_APP_SANDBOX = YES;
				ENABLE_HARDENED_RUNTIME = YES;
				ENABLE_USER_SELECTED_FILES = readonly;
				GENERATE_INFOPLIST_FILE = YES;
				INFOPLIST_FILE = "macOS (Extension)/Info.plist";
				INFOPLIST_KEY_CFBundleDisplayName = "dripd photo Extension";
				INFOPLIST_KEY_NSHumanReadableCopyright = "";
				LD_RUNPATH_SEARCH_PATHS = (
					"$(inherited)",
					"@executable_path/../Frameworks",
					"@executable_path/../../../../Frameworks",
				);
				MACOSX_DEPLOYMENT_TARGET = 10.14;
				MARKETING_VERSION = 1.0;
				OTHER_LDFLAGS = (
					"-framework",
					SafariServices,
				);
				PRODUCT_BUNDLE_IDENTIFIER = dk.dripd.photoextension.Extension;
				PRODUCT_NAME = "dripd photo Extension";
				SDKROOT = macosx;
				SKIP_INSTALL = YES;
				STRING_CATALOG_GENERATE_SYMBOLS = YES;
				SWIFT_APPROACHABLE_CONCURRENCY = YES;
				SWIFT_EMIT_LOC_STRINGS = YES;
				SWIFT_UPCOMING_FEATURE_MEMBER_IMPORT_VISIBILITY = YES;
				SWIFT_VERSION = 5.0;
			};
			name = Debug;
		};
		B489CB7E3030A71500730CFD /* Release */ = {
			isa = XCBuildConfiguration;
			buildSettings = {
				CODE_SIGN_STYLE = Automatic;
				CURRENT_PROJECT_VERSION = 1;
				ENABLE_APP_SANDBOX = YES;
				ENABLE_HARDENED_RUNTIME = YES;
				ENABLE_USER_SELECTED_FILES = readonly;
				GENERATE_INFOPLIST_FILE = YES;
				INFOPLIST_FILE = "macOS (Extension)/Info.plist";
				INFOPLIST_KEY_CFBundleDisplayName = "dripd photo Extension";
				INFOPLIST_KEY_NSHumanReadableCopyright = "";
				LD_RUNPATH_SEARCH_PATHS = (
					"$(inherited)",
					"@executable_path/../Frameworks",
					"@executable_path/../../../../Frameworks",
				);
				MACOSX_DEPLOYMENT_TARGET = 10.14;
				MARKETING_VERSION = 1.0;
				OTHER_LDFLAGS = (
					"-framework",
					SafariServices,
				);
				PRODUCT_BUNDLE_IDENTIFIER = dk.dripd.photoextension.Extension;
				PRODUCT_NAME = "dripd photo Extension";
				SDKROOT = macosx;
				SKIP_INSTALL = YES;
				STRING_CATALOG_GENERATE_SYMBOLS = YES;
				SWIFT_APPROACHABLE_CONCURRENCY = YES;
				SWIFT_EMIT_LOC_STRINGS = YES;
				SWIFT_UPCOMING_FEATURE_MEMBER_IMPORT_VISIBILITY = YES;
				SWIFT_VERSION = 5.0;
			};
			name = Release;
		};
		B489CB813030A71500730CFD /* Debug */ = {
			isa = XCBuildConfiguration;
			buildSettings = {
				ASSETCATALOG_COMPILER_APPICON_NAME = AppIcon;
				ASSETCATALOG_COMPILER_GLOBAL_ACCENT_COLOR_NAME = AccentColor;
				CODE_SIGN_STYLE = Automatic;
				CURRENT_PROJECT_VERSION = 1;
				ENABLE_APP_SANDBOX = YES;
				ENABLE_HARDENED_RUNTIME = YES;
				ENABLE_OUTGOING_NETWORK_CONNECTIONS = YES;
				ENABLE_USER_SELECTED_FILES = readonly;
				GENERATE_INFOPLIST_FILE = YES;
				INFOPLIST_FILE = "macOS (App)/Info.plist";
				INFOPLIST_KEY_CFBundleDisplayName = "dripd photo";
				INFOPLIST_KEY_NSMainStoryboardFile = Main;
				INFOPLIST_KEY_NSPrincipalClass = NSApplication;
				LD_RUNPATH_SEARCH_PATHS = (
					"$(inherited)",
					"@executable_path/../Frameworks",
				);
				MACOSX_DEPLOYMENT_TARGET = 10.14;
				MARKETING_VERSION = 1.0;
				OTHER_LDFLAGS = (
					"-framework",
					SafariServices,
					"-framework",
					WebKit,
				);
				PRODUCT_BUNDLE_IDENTIFIER = dk.dripd.photoextension;
				PRODUCT_NAME = "dripd photo";
				REGISTER_APP_GROUPS = YES;
				SDKROOT = macosx;
				STRING_CATALOG_GENERATE_SYMBOLS = YES;
				SWIFT_APPROACHABLE_CONCURRENCY = YES;
				SWIFT_DEFAULT_ACTOR_ISOLATION = MainActor;
				SWIFT_EMIT_LOC_STRINGS = YES;
				SWIFT_UPCOMING_FEATURE_MEMBER_IMPORT_VISIBILITY = YES;
				SWIFT_VERSION = 5.0;
			};
			name = Debug;
		};
		B489CB823030A71500730CFD /* Release */ = {
			isa = XCBuildConfiguration;
			buildSettings = {
				ASSETCATALOG_COMPILER_APPICON_NAME = AppIcon;
				ASSETCATALOG_COMPILER_GLOBAL_ACCENT_COLOR_NAME = AccentColor;
				CODE_SIGN_STYLE = Automatic;
				CURRENT_PROJECT_VERSION = 1;
				ENABLE_APP_SANDBOX = YES;
				ENABLE_HARDENED_RUNTIME = YES;
				ENABLE_OUTGOING_NETWORK_CONNECTIONS = YES;
				ENABLE_USER_SELECTED_FILES = readonly;
				GENERATE_INFOPLIST_FILE = YES;
				INFOPLIST_FILE = "macOS (App)/Info.plist";
				INFOPLIST_KEY_CFBundleDisplayName = "dripd photo";
				INFOPLIST_KEY_NSMainStoryboardFile = Main;
				INFOPLIST_KEY_NSPrincipalClass = NSApplication;
				LD_RUNPATH_SEARCH_PATHS = (
					"$(inherited)",
					"@executable_path/../Frameworks",
				);
				MACOSX_DEPLOYMENT_TARGET = 10.14;
				MARKETING_VERSION = 1.0;
				OTHER_LDFLAGS = (
					"-framework",
					SafariServices,
					"-framework",
					WebKit,
				);
				PRODUCT_BUNDLE_IDENTIFIER = dk.dripd.photoextension;
				PRODUCT_NAME = "dripd photo";
				REGISTER_APP_GROUPS = YES;
				SDKROOT = macosx;
				STRING_CATALOG_GENERATE_SYMBOLS = YES;
				SWIFT_APPROACHABLE_CONCURRENCY = YES;
				SWIFT_DEFAULT_ACTOR_ISOLATION = MainActor;
				SWIFT_EMIT_LOC_STRINGS = YES;
				SWIFT_UPCOMING_FEATURE_MEMBER_IMPORT_VISIBILITY = YES;
				SWIFT_VERSION = 5.0;
			};
			name = Release;
		};
/* End XCBuildConfiguration section */

/* Begin XCConfigurationList section */
		B489CB273030A71500730CFD /* Build configuration list for PBXProject "dripd photo" */ = {
			isa = XCConfigurationList;
			buildConfigurations = (
				B489CB733030A71500730CFD /* Debug */,
				B489CB743030A71500730CFD /* Release */,
			);
			defaultConfigurationIsVisible = 0;
			defaultConfigurationName = Release;
		};
		B489CB753030A71500730CFD /* Build configuration list for PBXNativeTarget "dripd photo Extension (iOS)" */ = {
			isa = XCConfigurationList;
			buildConfigurations = (
				B489CB763030A71500730CFD /* Debug */,
				B489CB773030A71500730CFD /* Release */,
			);
			defaultConfigurationIsVisible = 0;
			defaultConfigurationName = Release;
		};
		B489CB793030A71500730CFD /* Build configuration list for PBXNativeTarget "dripd photo (iOS)" */ = {
			isa = XCConfigurationList;
			buildConfigurations = (
				B489CB7A3030A71500730CFD /* Debug */,
				B489CB7B3030A71500730CFD /* Release */,
			);
			defaultConfigurationIsVisible = 0;
			defaultConfigurationName = Release;
		};
		B489CB7C3030A71500730CFD /* Build configuration list for PBXNativeTarget "dripd photo Extension (macOS)" */ = {
			isa = XCConfigurationList;
			buildConfigurations = (
				B489CB7D3030A71500730CFD /* Debug */,
				B489CB7E3030A71500730CFD /* Release */,
			);
			defaultConfigurationIsVisible = 0;
			defaultConfigurationName = Release;
		};
		B489CB803030A71500730CFD /* Build configuration list for PBXNativeTarget "dripd photo (macOS)" */ = {
			isa = XCConfigurationList;
			buildConfigurations = (
				B489CB813030A71500730CFD /* Debug */,
				B489CB823030A71500730CFD /* Release */,
			);
			defaultConfigurationIsVisible = 0;
			defaultConfigurationName = Release;
		};
/* End XCConfigurationList section */
	};
	rootObject = B489CB243030A71500730CFD /* Project object */;
}
